
Microsoft Visual Studio Solution File, Format Version 12.00
# Visual Studio Version 16
VisualStudioVersion = 16.0.29306.81
MinimumVisualStudioVersion = 10.0.40219.1
Project("{FAE04EC0-301F-11D3-BF4B-00C04F79EFBC}") = "ViewSelector.Android", "ViewSelector.Android\ViewSelector.Android.csproj", "{344EC521-DAD8-4EA9-9086-BD973F7F6094}"
EndProject
Project("{FAE04EC0-301F-11D3-BF4B-00C04F79EFBC}") = "ViewSelector.iOS", "ViewSelector.iOS\ViewSelector.iOS.csproj", "{88462B5F-1A88-4CC2-81BB-552DFD4288E6}"
EndProject
Project("{FAE04EC0-301F-11D3-BF4B-00C04F79EFBC}") = "ViewSelector.MobileAppService", "ViewSelector.MobileAppService\ViewSelector.MobileAppService.csproj", "{02A93C04-E109-465C-B897-CB28586B060B}"
EndProject
Project("{FAE04EC0-301F-11D3-BF4B-00C04F79EFBC}") = "ViewSelector", "ViewSelector\ViewSelector.csproj", "{98036035-4414-4D3C-A9A3-365688577DBB}"
	ProjectSection(ProjectDependencies) = postProject
		{4FE23766-DE00-4BE9-98B9-A27119F7852D} = {4FE23766-DE00-4BE9-98B9-A27119F7852D}
		{C48C4866-D068-476B-8C21-5D3FEF596A41} = {C48C4866-D068-476B-8C21-5D3FEF596A41}
		{854D09BB-92F8-494C-8200-944C62A4F39A} = {854D09BB-92F8-494C-8200-944C62A4F39A}
		{A7EE73D0-AD2C-49EB-8BFB-B695B04FE219} = {A7EE73D0-AD2C-49EB-8BFB-B695B04FE219}
	EndProjectSection
EndProject
Project("{FAE04EC0-301F-11D3-BF4B-00C04F79EFBC}") = "ViewModels", "..\ViewModels\ViewModels.csproj", "{4FE23766-DE00-4BE9-98B9-A27119F7852D}"
	ProjectSection(ProjectDependencies) = postProject
		{C48C4866-D068-476B-8C21-5D3FEF596A41} = {C48C4866-D068-476B-8C21-5D3FEF596A41}
	EndProjectSection
EndProject
Project("{FAE04EC0-301F-11D3-BF4B-00C04F79EFBC}") = "Models", "..\Models\Models.csproj", "{C48C4866-D068-476B-8C21-5D3FEF596A41}"
EndProject
Project("{FAE04EC0-301F-11D3-BF4B-00C04F79EFBC}") = "Views", "..\Views\Views.csproj", "{854D09BB-92F8-494C-8200-944C62A4F39A}"
	ProjectSection(ProjectDependencies) = postProject
		{4FE23766-DE00-4BE9-98B9-A27119F7852D} = {4FE23766-DE00-4BE9-98B9-A27119F7852D}
	EndProjectSection
EndProject
Project("{FAE04EC0-301F-11D3-BF4B-00C04F79EFBC}") = "Converters", "..\Converters\Converters.csproj", "{A7EE73D0-AD2C-49EB-8BFB-B695B04FE219}"
EndProject
Global
	GlobalSection(SolutionConfigurationPlatforms) = preSolution
		Debug|Any CPU = Debug|Any CPU
		Debug|iPhone = Debug|iPhone
		Debug|iPhoneSimulator = Debug|iPhoneSimulator
		Release|Any CPU = Release|Any CPU
		Release|iPhone = Release|iPhone
		Release|iPhoneSimulator = Release|iPhoneSimulator
	EndGlobalSection
	GlobalSection(ProjectConfigurationPlatforms) = postSolution
		{344EC521-DAD8-4EA9-9086-BD973F7F6094}.Debug|Any CPU.ActiveCfg = Debug|Any CPU
		{344EC521-DAD8-4EA9-9086-BD973F7F6094}.Debug|Any CPU.Build.0 = Debug|Any CPU
		{344EC521-DAD8-4EA9-9086-BD973F7F6094}.Debug|Any CPU.Deploy.0 = Debug|Any CPU
		{344EC521-DAD8-4EA9-9086-BD973F7F6094}.Debug|iPhone.ActiveCfg = Debug|Any CPU
		{344EC521-DAD8-4EA9-9086-BD973F7F6094}.Debug|iPhone.Build.0 = Debug|Any CPU
		{344EC521-DAD8-4EA9-9086-BD973F7F6094}.Debug|iPhone.Deploy.0 = Debug|Any CPU
		{344EC521-DAD8-4EA9-9086-BD973F7F6094}.Debug|iPhoneSimulator.ActiveCfg = Debug|Any CPU
		{344EC521-DAD8-4EA9-9086-BD973F7F6094}.Debug|iPhoneSimulator.Build.0 = Debug|Any CPU
		{344EC521-DAD8-4EA9-9086-BD973F7F6094}.Debug|iPhoneSimulator.Deploy.0 = Debug|Any CPU
		{344EC521-DAD8-4EA9-9086-BD973F7F6094}.Release|Any CPU.ActiveCfg = Release|Any CPU
		{344EC521-DAD8-4EA9-9086-BD973F7F6094}.Release|Any CPU.Build.0 = Release|Any CPU
		{344EC521-DAD8-4EA9-9086-BD973F7F6094}.Release|Any CPU.Deploy.0 = Release|Any CPU
		{344EC521-DAD8-4EA9-9086-BD973F7F6094}.Release|iPhone.ActiveCfg = Release|Any CPU
		{344EC521-DAD8-4EA9-9086-BD973F7F6094}.Release|iPhone.Build.0 = Release|Any CPU
		{344EC521-DAD8-4EA9-9086-BD973F7F6094}.Release|iPhone.Deploy.0 = Release|Any CPU
		{344EC521-DAD8-4EA9-9086-BD973F7F6094}.Release|iPhoneSimulator.ActiveCfg = Release|Any CPU
		{344EC521-DAD8-4EA9-9086-BD973F7F6094}.Release|iPhoneSimulator.Build.0 = Release|Any CPU
		{344EC521-DAD8-4EA9-9086-BD973F7F6094}.Release|iPhoneSimulator.Deploy.0 = Release|Any CPU
		{88462B5F-1A88-4CC2-81BB-552DFD4288E6}.Debug|Any CPU.ActiveCfg = Debug|iPhoneSimulator
		{88462B5F-1A88-4CC2-81BB-552DFD4288E6}.Debug|Any CPU.Build.0 = Debug|iPhoneSimulator
		{88462B5F-1A88-4CC2-81BB-552DFD4288E6}.Debug|Any CPU.Deploy.0 = Debug|iPhoneSimulator
		{88462B5F-1A88-4CC2-81BB-552DFD4288E6}.Debug|iPhone.ActiveCfg = Debug|iPhone
		{88462B5F-1A88-4CC2-81BB-552DFD4288E6}.Debug|iPhone.Build.0 = Debug|iPhone
		{88462B5F-1A88-4CC2-81BB-552DFD4288E6}.Debug|iPhone.Deploy.0 = Debug|iPhone
		{88462B5F-1A88-4CC2-81BB-552DFD4288E6}.Debug|iPhoneSimulator.ActiveCfg = Debug|iPhoneSimulator
		{88462B5F-1A88-4CC2-81BB-552DFD4288E6}.Debug|iPhoneSimulator.Build.0 = Debug|iPhoneSimulator
		{88462B5F-1A88-4CC2-81BB-552DFD4288E6}.Debug|iPhoneSimulator.Deploy.0 = Debug|iPhoneSimulator
		{88462B5F-1A88-4CC2-81BB-552DFD4288E6}.Release|Any CPU.ActiveCfg = Release|iPhone
		{88462B5F-1A88-4CC2-81BB-552DFD4288E6}.Release|Any CPU.Build.0 = Release|iPhone
		{88462B5F-1A88-4CC2-81BB-552DFD4288E6}.Release|Any CPU.Deploy.0 = Release|iPhone
		{88462B5F-1A88-4CC2-81BB-552DFD4288E6}.Release|iPhone.ActiveCfg = Release|iPhone
		{88462B5F-1A88-4CC2-81BB-552DFD4288E6}.Release|iPhone.Build.0 = Release|iPhone
		{88462B5F-1A88-4CC2-81BB-552DFD4288E6}.Release|iPhone.Deploy.0 = Release|iPhone
		{88462B5F-1A88-4CC2-81BB-552DFD4288E6}.Release|iPhoneSimulator.ActiveCfg = Release|iPhoneSimulator
		{88462B5F-1A88-4CC2-81BB-552DFD4288E6}.Release|iPhoneSimulator.Build.0 = Release|iPhoneSimulator
		{88462B5F-1A88-4CC2-81BB-552DFD4288E6}.Release|iPhoneSimulator.Deploy.0 = Release|iPhoneSimulator
		{02A93C04-E109-465C-B897-CB28586B060B}.Debug|Any CPU.ActiveCfg = Debug|Any CPU
		{02A93C04-E109-465C-B897-CB28586B060B}.Debug|Any CPU.Build.0 = Debug|Any CPU
		{02A93C04-E109-465C-B897-CB28586B060B}.Debug|Any CPU.Deploy.0 = Debug|Any CPU
		{02A93C04-E109-465C-B897-CB28586B060B}.Debug|iPhone.ActiveCfg = Debug|Any CPU
		{02A93C04-E109-465C-B897-CB28586B060B}.Debug|iPhone.Build.0 = Debug|Any CPU
		{02A93C04-E109-465C-B897-CB28586B060B}.Debug|iPhone.Deploy.0 = Debug|Any CPU
		{02A93C04-E109-465C-B897-CB28586B060B}.Debug|iPhoneSimulator.ActiveCfg = Debug|Any CPU
		{02A93C04-E109-465C-B897-CB28586B060B}.Debug|iPhoneSimulator.Build.0 = Debug|Any CPU
		{02A93C04-E109-465C-B897-CB28586B060B}.Debug|iPhoneSimulator.Deploy.0 = Debug|Any CPU
		{02A93C04-E109-465C-B897-CB28586B060B}.Release|Any CPU.ActiveCfg = Release|Any CPU
		{02A93C04-E109-465C-B897-CB28586B060B}.Release|Any CPU.Build.0 = Release|Any CPU
		{02A93C04-E109-465C-B897-CB28586B060B}.Release|Any CPU.Deploy.0 = Release|Any CPU
		{02A93C04-E109-465C-B897-CB28586B060B}.Release|iPhone.ActiveCfg = Release|Any CPU
		{02A93C04-E109-465C-B897-CB28586B060B}.Release|iPhone.Build.0 = Release|Any CPU
		{02A93C04-E109-465C-B897-CB28586B060B}.Release|iPhone.Deploy.0 = Release|Any CPU
		{02A93C04-E109-465C-B897-CB28586B060B}.Release|iPhoneSimulator.ActiveCfg = Release|Any CPU
		{02A93C04-E109-465C-B897-CB28586B060B}.Release|iPhoneSimulator.Build.0 = Release|Any CPU
		{02A93C04-E109-465C-B897-CB28586B060B}.Release|iPhoneSimulator.Deploy.0 = Release|Any CPU
		{98036035-4414-4D3C-A9A3-365688577DBB}.Debug|Any CPU.ActiveCfg = Debug|Any CPU
		{98036035-4414-4D3C-A9A3-365688577DBB}.Debug|Any CPU.Build.0 = Debug|Any CPU
		{98036035-4414-4D3C-A9A3-365688577DBB}.Debug|Any CPU.Deploy.0 = Debug|Any CPU
		{98036035-4414-4D3C-A9A3-365688577DBB}.Debug|iPhone.ActiveCfg = Debug|Any CPU
		{98036035-4414-4D3C-A9A3-365688577DBB}.Debug|iPhone.Build.0 = Debug|Any CPU
		{98036035-4414-4D3C-A9A3-365688577DBB}.Debug|iPhone.Deploy.0 = Debug|Any CPU
		{98036035-4414-4D3C-A9A3-365688577DBB}.Debug|iPhoneSimulator.ActiveCfg = Debug|Any CPU
		{98036035-4414-4D3C-A9A3-365688577DBB}.Debug|iPhoneSimulator.Build.0 = Debug|Any CPU
		{98036035-4414-4D3C-A9A3-365688577DBB}.Debug|iPhoneSimulator.Deploy.0 = Debug|Any CPU
		{98036035-4414-4D3C-A9A3-365688577DBB}.Release|Any CPU.ActiveCfg = Release|Any CPU
		{98036035-4414-4D3C-A9A3-365688577DBB}.Release|Any CPU.Build.0 = Release|Any CPU
		{98036035-4414-4D3C-A9A3-365688577DBB}.Release|Any CPU.Deploy.0 = Release|Any CPU
		{98036035-4414-4D3C-A9A3-365688577DBB}.Release|iPhone.ActiveCfg = Release|Any CPU
		{98036035-4414-4D3C-A9A3-365688577DBB}.Release|iPhone.Build.0 = Release|Any CPU
		{98036035-4414-4D3C-A9A3-365688577DBB}.Release|iPhone.Deploy.0 = Release|Any CPU
		{98036035-4414-4D3C-A9A3-365688577DBB}.Release|iPhoneSimulator.ActiveCfg = Release|Any CPU
		{98036035-4414-4D3C-A9A3-365688577DBB}.Release|iPhoneSimulator.Build.0 = Release|Any CPU
		{98036035-4414-4D3C-A9A3-365688577DBB}.Release|iPhoneSimulator.Deploy.0 = Release|Any CPU
		{4FE23766-DE00-4BE9-98B9-A27119F7852D}.Debug|Any CPU.ActiveCfg = Debug|Any CPU
		{4FE23766-DE00-4BE9-98B9-A27119F7852D}.Debug|Any CPU.Build.0 = Debug|Any CPU
		{4FE23766-DE00-4BE9-98B9-A27119F7852D}.Debug|iPhone.ActiveCfg = Debug|Any CPU
		{4FE23766-DE00-4BE9-98B9-A27119F7852D}.Debug|iPhone.Build.0 = Debug|Any CPU
		{4FE23766-DE00-4BE9-98B9-A27119F7852D}.Debug|iPhoneSimulator.ActiveCfg = Debug|Any CPU
		{4FE23766-DE00-4BE9-98B9-A27119F7852D}.Debug|iPhoneSimulator.Build.0 = Debug|Any CPU
		{4FE23766-DE00-4BE9-98B9-A27119F7852D}.Release|Any CPU.ActiveCfg = Release|Any CPU
		{4FE23766-DE00-4BE9-98B9-A27119F7852D}.Release|Any CPU.Build.0 = Release|Any CPU
		{4FE23766-DE00-4BE9-98B9-A27119F7852D}.Release|iPhone.ActiveCfg = Release|Any CPU
		{4FE23766-DE00-4BE9-98B9-A27119F7852D}.Release|iPhone.Build.0 = Release|Any CPU
		{4FE23766-DE00-4BE9-98B9-A27119F7852D}.Release|iPhoneSimulator.ActiveCfg = Release|Any CPU
		{4FE23766-DE00-4BE9-98B9-A27119F7852D}.Release|iPhoneSimulator.Build.0 = Release|Any CPU
		{C48C4866-D068-476B-8C21-5D3FEF596A41}.Debug|Any CPU.ActiveCfg = Debug|Any CPU
		{C48C4866-D068-476B-8C21-5D3FEF596A41}.Debug|Any CPU.Build.0 = Debug|Any CPU
		{C48C4866-D068-476B-8C21-5D3FEF596A41}.Debug|iPhone.ActiveCfg = Debug|Any CPU
		{C48C4866-D068-476B-8C21-5D3FEF596A41}.Debug|iPhone.Build.0 = Debug|Any CPU
		{C48C4866-D068-476B-8C21-5D3FEF596A41}.Debug|iPhoneSimulator.ActiveCfg = Debug|Any CPU
		{C48C4866-D068-476B-8C21-5D3FEF596A41}.Debug|iPhoneSimulator.Build.0 = Debug|Any CPU
		{C48C4866-D068-476B-8C21-5D3FEF596A41}.Release|Any CPU.ActiveCfg = Release|Any CPU
		{C48C4866-D068-476B-8C21-5D3FEF596A41}.Release|Any CPU.Build.0 = Release|Any CPU
		{C48C4866-D068-476B-8C21-5D3FEF596A41}.Release|iPhone.ActiveCfg = Release|Any CPU
		{C48C4866-D068-476B-8C21-5D3FEF596A41}.Release|iPhone.Build.0 = Release|Any CPU
		{C48C4866-D068-476B-8C21-5D3FEF596A41}.Release|iPhoneSimulator.ActiveCfg = Release|Any CPU
		{C48C4866-D068-476B-8C21-5D3FEF596A41}.Release|iPhoneSimulator.Build.0 = Release|Any CPU
		{854D09BB-92F8-494C-8200-944C62A4F39A}.Debug|Any CPU.ActiveCfg = Debug|Any CPU
		{854D09BB-92F8-494C-8200-944C62A4F39A}.Debug|Any CPU.Build.0 = Debug|Any CPU
		{854D09BB-92F8-494C-8200-944C62A4F39A}.Debug|iPhone.ActiveCfg = Debug|Any CPU
		{854D09BB-92F8-494C-8200-944C62A4F39A}.Debug|iPhone.Build.0 = Debug|Any CPU
		{854D09BB-92F8-494C-8200-944C62A4F39A}.Debug|iPhoneSimulator.ActiveCfg = Debug|Any CPU
		{854D09BB-92F8-494C-8200-944C62A4F39A}.Debug|iPhoneSimulator.Build.0 = Debug|Any CPU
		{854D09BB-92F8-494C-8200-944C62A4F39A}.Release|Any CPU.ActiveCfg = Release|Any CPU
		{854D09BB-92F8-494C-8200-944C62A4F39A}.Release|Any CPU.Build.0 = Release|Any CPU
		{854D09BB-92F8-494C-8200-944C62A4F39A}.Release|iPhone.ActiveCfg = Release|Any CPU
		{854D09BB-92F8-494C-8200-944C62A4F39A}.Release|iPhone.Build.0 = Release|Any CPU
		{854D09BB-92F8-494C-8200-944C62A4F39A}.Release|iPhoneSimulator.ActiveCfg = Release|Any CPU
		{854D09BB-92F8-494C-8200-944C62A4F39A}.Release|iPhoneSimulator.Build.0 = Release|Any CPU
		{A7EE73D0-AD2C-49EB-8BFB-B695B04FE219}.Debug|Any CPU.ActiveCfg = Debug|Any CPU
		{A7EE73D0-AD2C-49EB-8BFB-B695B04FE219}.Debug|Any CPU.Build.0 = Debug|Any CPU
		{A7EE73D0-AD2C-49EB-8BFB-B695B04FE219}.Debug|iPhone.ActiveCfg = Debug|Any CPU
		{A7EE73D0-AD2C-49EB-8BFB-B695B04FE219}.Debug|iPhone.Build.0 = Debug|Any CPU
		{A7EE73D0-AD2C-49EB-8BFB-B695B04FE219}.Debug|iPhoneSimulator.ActiveCfg = Debug|Any CPU
		{A7EE73D0-AD2C-49EB-8BFB-B695B04FE219}.Debug|iPhoneSimulator.Build.0 = Debug|Any CPU
		{A7EE73D0-AD2C-49EB-8BFB-B695B04FE219}.Release|Any CPU.ActiveCfg = Release|Any CPU
		{A7EE73D0-AD2C-49EB-8BFB-B695B04FE219}.Release|Any CPU.Build.0 = Release|Any CPU
		{A7EE73D0-AD2C-49EB-8BFB-B695B04FE219}.Release|iPhone.ActiveCfg = Release|Any CPU
		{A7EE73D0-AD2C-49EB-8BFB-B695B04FE219}.Release|iPhone.Build.0 = Release|Any CPU
		{A7EE73D0-AD2C-49EB-8BFB-B695B04FE219}.Release|iPhoneSimulator.ActiveCfg = Release|Any CPU
		{A7EE73D0-AD2C-49EB-8BFB-B695B04FE219}.Release|iPhoneSimulator.Build.0 = Release|Any CPU
	EndGlobalSection
	GlobalSection(SolutionProperties) = preSolution
		HideSolutionNode = FALSE
	EndGlobalSection
	GlobalSection(ExtensibilityGlobals) = postSolution
		SolutionGuid = {D2CF6966-067A-4641-BA25-BB11A9043DEF}
	EndGlobalSection
EndGlobal
